
Microsoft Visual Studio Solution File, Format Version 12.00
# Visual Studio Version 17
VisualStudioVersion = 17.2.32616.157
MinimumVisualStudioVersion = 10.0.40219.1
Project("{8BC9CEB8-8B4A-11D0-8D11-00A0C91BC942}") = "Reducer1", "Reducer1.vcxproj", "{53B3936B-259D-4A99-8931-E2CFB4B4A012}"
EndProject
Global
	GlobalSection(SolutionConfigurationPlatforms) = preSolution
		Debug|x64 = Debug|x64
		Debug|x86 = Debug|x86
		Release|x64 = Release|x64
		Release|x86 = Release|x86
	EndGlobalSection
	GlobalSection(ProjectConfigurationPlatforms) = postSolution
		{53B3936B-259D-4A99-8931-E2CFB4B4A012}.Debug|x64.ActiveCfg = Debug|x64
		{53B3936B-259D-4A99-8931-E2CFB4B4A012}.Debug|x64.Build.0 = Debug|x64
		{53B3936B-259D-4A99-8931-E2CFB4B4A012}.Debug|x86.ActiveCfg = Debug|Win32
		{53B3936B-259D-4A99-8931-E2CFB4B4A012}.Debug|x86.Build.0 = Debug|Win32
		{53B3936B-259D-4A99-8931-E2CFB4B4A012}.Release|x64.ActiveCfg = Release|x64
		{53B3936B-259D-4A99-8931-E2CFB4B4A012}.Release|x64.Build.0 = Release|x64
		{53B3936B-259D-4A99-8931-E2CFB4B4A012}.Release|x86.ActiveCfg = Release|Win32
		{53B3936B-259D-4A99-8931-E2CFB4B4A012}.Release|x86.Build.0 = Release|Win32
	EndGlobalSection
	GlobalSection(SolutionProperties) = preSolution
		HideSolutionNode = FALSE
	EndGlobalSection
	GlobalSection(ExtensibilityGlobals) = postSolution
		SolutionGuid = {3BC704D0-9064-4F58-8675-E916CA39347E}
	EndGlobalSection
EndGlobal
